
Microsoft Visual Studio Solution File, Format Version 12.00
# Visual Studio Version 17
VisualStudioVersion = 17.14.36429.23
MinimumVisualStudioVersion = 10.0.40219.1
Project("{2150E333-8FDC-42A3-9474-1A3956D46DE8}") = "Task0", "Task0", "{36D591C7-65C7-A0D1-1CBC-10CDE441BDC8}"
EndProject
Project("{FAE04EC0-301F-11D3-BF4B-00C04F79EFBC}") = "Tyuiu.DunaizevAO.Sprint6.Task0.V15.Lib", "Tyuiu.DunaizevAO.Sprint6.Task0.V15.Lib\Tyuiu.DunaizevAO.Sprint6.Task0.V15.Lib.csproj", "{57519599-B258-4730-BB18-7A738302B23D}"
EndProject
Project("{FAE04EC0-301F-11D3-BF4B-00C04F79EFBC}") = "Tyuiu.DunaizevAO.Sprint6.Task0.V15.Test", "Tyuiu.DunaizevAO.Sprint6.Task0.V15.Test\Tyuiu.DunaizevAO.Sprint6.Task0.V15.Test.csproj", "{9F57A13B-7099-48BA-BEAC-C713F7ECBB90}"
EndProject
Project("{FAE04EC0-301F-11D3-BF4B-00C04F79EFBC}") = "Tyuiu.DunaizevAO.Sprint6.Task0.V15", "Tyuiu.DunaizevAO.Sprint6.Task0.V15\Tyuiu.DunaizevAO.Sprint6.Task0.V15.csproj", "{935DED3A-63E2-46BB-901A-A7DA378BA3DA}"
EndProject
Project("{2150E333-8FDC-42A3-9474-1A3956D46DE8}") = "Task1", "Task1", "{F2AD515F-AA1C-46A5-B19D-D1E8613E3E0C}"
EndProject
Project("{FAE04EC0-301F-11D3-BF4B-00C04F79EFBC}") = "Tyuiu.DunaizevAO.Sprint6.Task1.V7", "Tyuiu.DunaizevAO.Sprint6.Task1.V7\Tyuiu.DunaizevAO.Sprint6.Task1.V7.csproj", "{23F20953-9096-4A74-AA4C-3D54BB4AEFD7}"
EndProject
Project("{FAE04EC0-301F-11D3-BF4B-00C04F79EFBC}") = "Tyuiu.DunaizevAO.Sprint6.Task1.V7.Lib", "Tyuiu.DunaizevAO.Sprint6.Task1.V7.Lib\Tyuiu.DunaizevAO.Sprint6.Task1.V7.Lib.csproj", "{7F99EAB2-4440-4A3A-9C6E-C303600DBE9A}"
EndProject
Project("{FAE04EC0-301F-11D3-BF4B-00C04F79EFBC}") = "Tyuiu.DunaizevAO.Sprint6.Task1.V7.Test", "Tyuiu.DunaizevAO.Sprint6.Task1.V7.Test\Tyuiu.DunaizevAO.Sprint6.Task1.V7.Test.csproj", "{E30A6445-2E91-4620-BB66-63735376711A}"
EndProject
Project("{2150E333-8FDC-42A3-9474-1A3956D46DE8}") = "Task2", "Task2", "{4A1EDB79-79E4-437A-B97B-159BEF779E8B}"
EndProject
Project("{FAE04EC0-301F-11D3-BF4B-00C04F79EFBC}") = "Tyuiu.DunaizevAO.Sprint6.Task2.V15.Lib", "Tyuiu.DunaizevAO.Sprint6.Task2.V15.Lib\Tyuiu.DunaizevAO.Sprint6.Task2.V15.Lib.csproj", "{CFF38890-889A-49B4-815D-35BDE1713A09}"
EndProject
Project("{FAE04EC0-301F-11D3-BF4B-00C04F79EFBC}") = "Tyuiu.DunaizevAO.Sprint6.Task2.V15.Test", "Tyuiu.DunaizevAO.Sprint6.Task2.V15.Test\Tyuiu.DunaizevAO.Sprint6.Task2.V15.Test.csproj", "{F5DC8394-1012-4834-9FED-196BFBE43EF9}"
EndProject
Project("{FAE04EC0-301F-11D3-BF4B-00C04F79EFBC}") = "Tyuiu.DunaizevAO.Sprint6.Task2.V15", "Tyuiu.DunaizevAO.Sprint6.Task2.V15\Tyuiu.DunaizevAO.Sprint6.Task2.V15.csproj", "{4F57B46F-291C-4637-AE5E-EA9B09D79CF6}"
EndProject
Project("{2150E333-8FDC-42A3-9474-1A3956D46DE8}") = "Task3", "Task3", "{835D5A99-83C9-4F9A-B9FD-7F713C960851}"
EndProject
Project("{FAE04EC0-301F-11D3-BF4B-00C04F79EFBC}") = "Tyuiu.DunaizevAO.Sprint6.Task3.V29", "Tyuiu.DunaizevAO.Sprint6.Task3.V29\Tyuiu.DunaizevAO.Sprint6.Task3.V29.csproj", "{5C8AF608-19A6-441C-B722-7BB7BEB0F209}"
EndProject
Project("{FAE04EC0-301F-11D3-BF4B-00C04F79EFBC}") = "Tyuiu.DunaizevAO.Sprint6.Task3.V29.Lib", "Tyuiu.DunaizevAO.Sprint6.Task3.V29.Lib\Tyuiu.DunaizevAO.Sprint6.Task3.V29.Lib.csproj", "{8C2F8F49-3FBF-4564-9950-738E18211549}"
EndProject
Project("{FAE04EC0-301F-11D3-BF4B-00C04F79EFBC}") = "Tyuiu.DunaizevAO.Sprint6.Task3.V29.Test", "Tyuiu.DunaizevAO.Sprint6.Task3.V29.Test\Tyuiu.DunaizevAO.Sprint6.Task3.V29.Test.csproj", "{86DDACDF-0222-4B0D-8A7A-822BFBA90FE0}"
EndProject
Project("{2150E333-8FDC-42A3-9474-1A3956D46DE8}") = "Task4", "Task4", "{3B78E408-3103-4346-BD42-D89370AD4B1E}"
EndProject
Project("{FAE04EC0-301F-11D3-BF4B-00C04F79EFBC}") = "Tyuiu.DunaizevAO.Sprint6.Task4.V12", "Tyuiu.DunaizevAO.Sprint6.Task4.V12\Tyuiu.DunaizevAO.Sprint6.Task4.V12.csproj", "{478AACDC-E921-4DEA-8709-AFB46D12826B}"
EndProject
Project("{FAE04EC0-301F-11D3-BF4B-00C04F79EFBC}") = "Tyuiu.DunaizevAO.Sprint6.Task4.V12.Lib", "Tyuiu.DunaizevAO.Sprint6.Task4.V12.Lib\Tyuiu.DunaizevAO.Sprint6.Task4.V12.Lib.csproj", "{07E6783B-5BB3-4583-9751-E31A9843D2D8}"
EndProject
Project("{FAE04EC0-301F-11D3-BF4B-00C04F79EFBC}") = "Tyuiu.DunaizevAO.Sprint6.Task4.V12.Test", "Tyuiu.DunaizevAO.Sprint6.Task4.V12.Test\Tyuiu.DunaizevAO.Sprint6.Task4.V12.Test.csproj", "{D735EF0D-53F0-4461-95F8-EB8769D60119}"
EndProject
Project("{2150E333-8FDC-42A3-9474-1A3956D46DE8}") = "Task5", "Task5", "{ADF9FC5A-8AC4-494F-A246-C8E057840BEB}"
EndProject
Project("{FAE04EC0-301F-11D3-BF4B-00C04F79EFBC}") = "Tyuiu.DunaizevAO.Sprint6.Task5.V5", "Tyuiu.DunaizevAO.Sprint6.Task5.V5\Tyuiu.DunaizevAO.Sprint6.Task5.V5.csproj", "{D98701EB-714A-4391-BF29-194532DD071D}"
EndProject
Project("{FAE04EC0-301F-11D3-BF4B-00C04F79EFBC}") = "Tyuiu.DunaizevAO.Sprint6.Task5.V5.Lib", "Tyuiu.DunaizevAO.Sprint6.Task5.V5.Lib\Tyuiu.DunaizevAO.Sprint6.Task5.V5.Lib.csproj", "{F00754C1-DA22-42F8-A1F6-241538897A81}"
EndProject
Project("{FAE04EC0-301F-11D3-BF4B-00C04F79EFBC}") = "Tyuiu.DunaizevAO.Sprint6.Task5.V5.Test", "Tyuiu.DunaizevAO.Sprint6.Task5.V5.Test\Tyuiu.DunaizevAO.Sprint6.Task5.V5.Test.csproj", "{D9A0853F-E2B4-4F74-8610-7278AC03DE6C}"
EndProject
Global
	GlobalSection(SolutionConfigurationPlatforms) = preSolution
		Debug|Any CPU = Debug|Any CPU
		Release|Any CPU = Release|Any CPU
	EndGlobalSection
	GlobalSection(ProjectConfigurationPlatforms) = postSolution
		{57519599-B258-4730-BB18-7A738302B23D}.Debug|Any CPU.ActiveCfg = Debug|Any CPU
		{57519599-B258-4730-BB18-7A738302B23D}.Debug|Any CPU.Build.0 = Debug|Any CPU
		{57519599-B258-4730-BB18-7A738302B23D}.Release|Any CPU.ActiveCfg = Release|Any CPU
		{57519599-B258-4730-BB18-7A738302B23D}.Release|Any CPU.Build.0 = Release|Any CPU
		{9F57A13B-7099-48BA-BEAC-C713F7ECBB90}.Debug|Any CPU.ActiveCfg = Debug|Any CPU
		{9F57A13B-7099-48BA-BEAC-C713F7ECBB90}.Debug|Any CPU.Build.0 = Debug|Any CPU
		{9F57A13B-7099-48BA-BEAC-C713F7ECBB90}.Release|Any CPU.ActiveCfg = Release|Any CPU
		{9F57A13B-7099-48BA-BEAC-C713F7ECBB90}.Release|Any CPU.Build.0 = Release|Any CPU
		{935DED3A-63E2-46BB-901A-A7DA378BA3DA}.Debug|Any CPU.ActiveCfg = Debug|Any CPU
		{935DED3A-63E2-46BB-901A-A7DA378BA3DA}.Debug|Any CPU.Build.0 = Debug|Any CPU
		{935DED3A-63E2-46BB-901A-A7DA378BA3DA}.Release|Any CPU.ActiveCfg = Release|Any CPU
		{935DED3A-63E2-46BB-901A-A7DA378BA3DA}.Release|Any CPU.Build.0 = Release|Any CPU
		{23F20953-9096-4A74-AA4C-3D54BB4AEFD7}.Debug|Any CPU.ActiveCfg = Debug|Any CPU
		{23F20953-9096-4A74-AA4C-3D54BB4AEFD7}.Debug|Any CPU.Build.0 = Debug|Any CPU
		{23F20953-9096-4A74-AA4C-3D54BB4AEFD7}.Release|Any CPU.ActiveCfg = Release|Any CPU
		{23F20953-9096-4A74-AA4C-3D54BB4AEFD7}.Release|Any CPU.Build.0 = Release|Any CPU
		{7F99EAB2-4440-4A3A-9C6E-C303600DBE9A}.Debug|Any CPU.ActiveCfg = Debug|Any CPU
		{7F99EAB2-4440-4A3A-9C6E-C303600DBE9A}.Debug|Any CPU.Build.0 = Debug|Any CPU
		{7F99EAB2-4440-4A3A-9C6E-C303600DBE9A}.Release|Any CPU.ActiveCfg = Release|Any CPU
		{7F99EAB2-4440-4A3A-9C6E-C303600DBE9A}.Release|Any CPU.Build.0 = Release|Any CPU
		{E30A6445-2E91-4620-BB66-63735376711A}.Debug|Any CPU.ActiveCfg = Debug|Any CPU
		{E30A6445-2E91-4620-BB66-63735376711A}.Debug|Any CPU.Build.0 = Debug|Any CPU
		{E30A6445-2E91-4620-BB66-63735376711A}.Release|Any CPU.ActiveCfg = Release|Any CPU
		{E30A6445-2E91-4620-BB66-63735376711A}.Release|Any CPU.Build.0 = Release|Any CPU
		{CFF38890-889A-49B4-815D-35BDE1713A09}.Debug|Any CPU.ActiveCfg = Debug|Any CPU
		{CFF38890-889A-49B4-815D-35BDE1713A09}.Debug|Any CPU.Build.0 = Debug|Any CPU
		{CFF38890-889A-49B4-815D-35BDE1713A09}.Release|Any CPU.ActiveCfg = Release|Any CPU
		{CFF38890-889A-49B4-815D-35BDE1713A09}.Release|Any CPU.Build.0 = Release|Any CPU
		{F5DC8394-1012-4834-9FED-196BFBE43EF9}.Debug|Any CPU.ActiveCfg = Debug|Any CPU
		{F5DC8394-1012-4834-9FED-196BFBE43EF9}.Debug|Any CPU.Build.0 = Debug|Any CPU
		{F5DC8394-1012-4834-9FED-196BFBE43EF9}.Release|Any CPU.ActiveCfg = Release|Any CPU
		{F5DC8394-1012-4834-9FED-196BFBE43EF9}.Release|Any CPU.Build.0 = Release|Any CPU
		{4F57B46F-291C-4637-AE5E-EA9B09D79CF6}.Debug|Any CPU.ActiveCfg = Debug|Any CPU
		{4F57B46F-291C-4637-AE5E-EA9B09D79CF6}.Debug|Any CPU.Build.0 = Debug|Any CPU
		{4F57B46F-291C-4637-AE5E-EA9B09D79CF6}.Release|Any CPU.ActiveCfg = Release|Any CPU
		{4F57B46F-291C-4637-AE5E-EA9B09D79CF6}.Release|Any CPU.Build.0 = Release|Any CPU
		{5C8AF608-19A6-441C-B722-7BB7BEB0F209}.Debug|Any CPU.ActiveCfg = Debug|Any CPU
		{5C8AF608-19A6-441C-B722-7BB7BEB0F209}.Debug|Any CPU.Build.0 = Debug|Any CPU
		{5C8AF608-19A6-441C-B722-7BB7BEB0F209}.Release|Any CPU.ActiveCfg = Release|Any CPU
		{5C8AF608-19A6-441C-B722-7BB7BEB0F209}.Release|Any CPU.Build.0 = Release|Any CPU
		{8C2F8F49-3FBF-4564-9950-738E18211549}.Debug|Any CPU.ActiveCfg = Debug|Any CPU
		{8C2F8F49-3FBF-4564-9950-738E18211549}.Debug|Any CPU.Build.0 = Debug|Any CPU
		{8C2F8F49-3FBF-4564-9950-738E18211549}.Release|Any CPU.ActiveCfg = Release|Any CPU
		{8C2F8F49-3FBF-4564-9950-738E18211549}.Release|Any CPU.Build.0 = Release|Any CPU
		{86DDACDF-0222-4B0D-8A7A-822BFBA90FE0}.Debug|Any CPU.ActiveCfg = Debug|Any CPU
		{86DDACDF-0222-4B0D-8A7A-822BFBA90FE0}.Debug|Any CPU.Build.0 = Debug|Any CPU
		{86DDACDF-0222-4B0D-8A7A-822BFBA90FE0}.Release|Any CPU.ActiveCfg = Release|Any CPU
		{86DDACDF-0222-4B0D-8A7A-822BFBA90FE0}.Release|Any CPU.Build.0 = Release|Any CPU
		{478AACDC-E921-4DEA-8709-AFB46D12826B}.Debug|Any CPU.ActiveCfg = Debug|Any CPU
		{478AACDC-E921-4DEA-8709-AFB46D12826B}.Debug|Any CPU.Build.0 = Debug|Any CPU
		{478AACDC-E921-4DEA-8709-AFB46D12826B}.Release|Any CPU.ActiveCfg = Release|Any CPU
		{478AACDC-E921-4DEA-8709-AFB46D12826B}.Release|Any CPU.Build.0 = Release|Any CPU
		{07E6783B-5BB3-4583-9751-E31A9843D2D8}.Debug|Any CPU.ActiveCfg = Debug|Any CPU
		{07E6783B-5BB3-4583-9751-E31A9843D2D8}.Debug|Any CPU.Build.0 = Debug|Any CPU
		{07E6783B-5BB3-4583-9751-E31A9843D2D8}.Release|Any CPU.ActiveCfg = Release|Any CPU
		{07E6783B-5BB3-4583-9751-E31A9843D2D8}.Release|Any CPU.Build.0 = Release|Any CPU
		{D735EF0D-53F0-4461-95F8-EB8769D60119}.Debug|Any CPU.ActiveCfg = Debug|Any CPU
		{D735EF0D-53F0-4461-95F8-EB8769D60119}.Debug|Any CPU.Build.0 = Debug|Any CPU
		{D735EF0D-53F0-4461-95F8-EB8769D60119}.Release|Any CPU.ActiveCfg = Release|Any CPU
		{D735EF0D-53F0-4461-95F8-EB8769D60119}.Release|Any CPU.Build.0 = Release|Any CPU
		{D98701EB-714A-4391-BF29-194532DD071D}.Debug|Any CPU.ActiveCfg = Debug|Any CPU
		{D98701EB-714A-4391-BF29-194532DD071D}.Debug|Any CPU.Build.0 = Debug|Any CPU
		{D98701EB-714A-4391-BF29-194532DD071D}.Release|Any CPU.ActiveCfg = Release|Any CPU
		{D98701EB-714A-4391-BF29-194532DD071D}.Release|Any CPU.Build.0 = Release|Any CPU
		{F00754C1-DA22-42F8-A1F6-241538897A81}.Debug|Any CPU.ActiveCfg = Debug|Any CPU
		{F00754C1-DA22-42F8-A1F6-241538897A81}.Debug|Any CPU.Build.0 = Debug|Any CPU
		{F00754C1-DA22-42F8-A1F6-241538897A81}.Release|Any CPU.ActiveCfg = Release|Any CPU
		{F00754C1-DA22-42F8-A1F6-241538897A81}.Release|Any CPU.Build.0 = Release|Any CPU
		{D9A0853F-E2B4-4F74-8610-7278AC03DE6C}.Debug|Any CPU.ActiveCfg = Debug|Any CPU
		{D9A0853F-E2B4-4F74-8610-7278AC03DE6C}.Debug|Any CPU.Build.0 = Debug|Any CPU
		{D9A0853F-E2B4-4F74-8610-7278AC03DE6C}.Release|Any CPU.ActiveCfg = Release|Any CPU
		{D9A0853F-E2B4-4F74-8610-7278AC03DE6C}.Release|Any CPU.Build.0 = Release|Any CPU
	EndGlobalSection
	GlobalSection(SolutionProperties) = preSolution
		HideSolutionNode = FALSE
	EndGlobalSection
	GlobalSection(NestedProjects) = preSolution
		{57519599-B258-4730-BB18-7A738302B23D} = {36D591C7-65C7-A0D1-1CBC-10CDE441BDC8}
		{9F57A13B-7099-48BA-BEAC-C713F7ECBB90} = {36D591C7-65C7-A0D1-1CBC-10CDE441BDC8}
		{935DED3A-63E2-46BB-901A-A7DA378BA3DA} = {36D591C7-65C7-A0D1-1CBC-10CDE441BDC8}
		{23F20953-9096-4A74-AA4C-3D54BB4AEFD7} = {F2AD515F-AA1C-46A5-B19D-D1E8613E3E0C}
		{7F99EAB2-4440-4A3A-9C6E-C303600DBE9A} = {F2AD515F-AA1C-46A5-B19D-D1E8613E3E0C}
		{E30A6445-2E91-4620-BB66-63735376711A} = {F2AD515F-AA1C-46A5-B19D-D1E8613E3E0C}
		{CFF38890-889A-49B4-815D-35BDE1713A09} = {4A1EDB79-79E4-437A-B97B-159BEF779E8B}
		{F5DC8394-1012-4834-9FED-196BFBE43EF9} = {4A1EDB79-79E4-437A-B97B-159BEF779E8B}
		{4F57B46F-291C-4637-AE5E-EA9B09D79CF6} = {4A1EDB79-79E4-437A-B97B-159BEF779E8B}
		{5C8AF608-19A6-441C-B722-7BB7BEB0F209} = {835D5A99-83C9-4F9A-B9FD-7F713C960851}
		{8C2F8F49-3FBF-4564-9950-738E18211549} = {835D5A99-83C9-4F9A-B9FD-7F713C960851}
		{86DDACDF-0222-4B0D-8A7A-822BFBA90FE0} = {835D5A99-83C9-4F9A-B9FD-7F713C960851}
		{478AACDC-E921-4DEA-8709-AFB46D12826B} = {3B78E408-3103-4346-BD42-D89370AD4B1E}
		{07E6783B-5BB3-4583-9751-E31A9843D2D8} = {3B78E408-3103-4346-BD42-D89370AD4B1E}
		{D735EF0D-53F0-4461-95F8-EB8769D60119} = {3B78E408-3103-4346-BD42-D89370AD4B1E}
		{D98701EB-714A-4391-BF29-194532DD071D} = {ADF9FC5A-8AC4-494F-A246-C8E057840BEB}
		{F00754C1-DA22-42F8-A1F6-241538897A81} = {ADF9FC5A-8AC4-494F-A246-C8E057840BEB}
		{D9A0853F-E2B4-4F74-8610-7278AC03DE6C} = {ADF9FC5A-8AC4-494F-A246-C8E057840BEB}
	EndGlobalSection
	GlobalSection(ExtensibilityGlobals) = postSolution
		SolutionGuid = {F835F849-A91E-4879-9CC0-DD0F8196781B}
	EndGlobalSection
EndGlobal
